
Microsoft Visual Studio Solution File, Format Version 12.00
# Visual Studio 15
VisualStudioVersion = 15.0.28307.136
MinimumVisualStudioVersion = 10.0.40219.1
Project("{FAE04EC0-301F-11D3-BF4B-00C04F79EFBC}") = "StandoutSportsPodcast", "StandoutSportsPodcast\StandoutSportsPodcast.csproj", "{ACA550B5-2A8C-48A8-9AA3-9691F7ABF070}"
EndProject
Global
	GlobalSection(SolutionConfigurationPlatforms) = preSolution
		Debug|Any CPU = Debug|Any CPU
		Release|Any CPU = Release|Any CPU
	EndGlobalSection
	GlobalSection(ProjectConfigurationPlatforms) = postSolution
		{ACA550B5-2A8C-48A8-9AA3-9691F7ABF070}.Debug|Any CPU.ActiveCfg = Debug|Any CPU
		{ACA550B5-2A8C-48A8-9AA3-9691F7ABF070}.Debug|Any CPU.Build.0 = Debug|Any CPU
		{ACA550B5-2A8C-48A8-9AA3-9691F7ABF070}.Release|Any CPU.ActiveCfg = Release|Any CPU
		{ACA550B5-2A8C-48A8-9AA3-9691F7ABF070}.Release|Any CPU.Build.0 = Release|Any CPU
	EndGlobalSection
	GlobalSection(SolutionProperties) = preSolution
		HideSolutionNode = FALSE
	EndGlobalSection
	GlobalSection(ExtensibilityGlobals) = postSolution
		SolutionGuid = {DD4B00AE-9DF7-4218-90BD-5AC76D46663D}
	EndGlobalSection
EndGlobal
